// !$*UTF8*$!
{
	archiveVersion = 1;
	classes = {
	};
	objectVersion = 56;
	objects = {

/* Begin PBXBuildFile section */
		2256657829B6AAE400C97BDC /* Departments.swift in Sources */ = {isa = PBXBuildFile; fileRef = 2256657729B6AAE400C97BDC /* Departments.swift */; };
		228A80CA29B3F844006297FC /* MetMuseumApp.swift in Sources */ = {isa = PBXBuildFile; fileRef = 228A80C929B3F844006297FC /* MetMuseumApp.swift */; };
		228A80CC29B3F844006297FC /* ContentView.swift in Sources */ = {isa = PBXBuildFile; fileRef = 228A80CB29B3F844006297FC /* ContentView.swift */; };
		228A80CE29B3F848006297FC /* Assets.xcassets in Resources */ = {isa = PBXBuildFile; fileRef = 228A80CD29B3F848006297FC /* Assets.xcassets */; };
		228A80D129B3F848006297FC /* Preview Assets.xcassets in Resources */ = {isa = PBXBuildFile; fileRef = 228A80D029B3F848006297FC /* Preview Assets.xcassets */; };
		228A80DC29B3F933006297FC /* Home.swift in Sources */ = {isa = PBXBuildFile; fileRef = 228A80DB29B3F933006297FC /* Home.swift */; };
		228A80E029B401F8006297FC /* Decodable.swift in Sources */ = {isa = PBXBuildFile; fileRef = 228A80DF29B401F8006297FC /* Decodable.swift */; };
		228A80E229B40263006297FC /* APIManager.swift in Sources */ = {isa = PBXBuildFile; fileRef = 228A80E129B40263006297FC /* APIManager.swift */; };
		22E0B74829B8B5E000A98D60 /* SearchResultCell.swift in Sources */ = {isa = PBXBuildFile; fileRef = 22E0B74729B8B5E000A98D60 /* SearchResultCell.swift */; };
		22F75D2429B90B32001B0487 /* Thumbnail.swift in Sources */ = {isa = PBXBuildFile; fileRef = 22F75D2329B90B32001B0487 /* Thumbnail.swift */; };
		22F75D2729B99E66001B0487 /* ArrayExtension.swift in Sources */ = {isa = PBXBuildFile; fileRef = 22F75D2629B99E65001B0487 /* ArrayExtension.swift */; };
/* End PBXBuildFile section */

/* Begin PBXFileReference section */
		2256657729B6AAE400C97BDC /* Departments.swift */ = {isa = PBXFileReference; lastKnownFileType = sourcecode.swift; path = Departments.swift; sourceTree = "<group>"; };
		228A80C629B3F844006297FC /* MetMuseum.app */ = {isa = PBXFileReference; explicitFileType = wrapper.application; includeInIndex = 0; path = MetMuseum.app; sourceTree = BUILT_PRODUCTS_DIR; };
		228A80C929B3F844006297FC /* MetMuseumApp.swift */ = {isa = PBXFileReference; lastKnownFileType = sourcecode.swift; path = MetMuseumApp.swift; sourceTree = "<group>"; };
		228A80CB29B3F844006297FC /* ContentView.swift */ = {isa = PBXFileReference; lastKnownFileType = sourcecode.swift; path = ContentView.swift; sourceTree = "<group>"; };
		228A80CD29B3F848006297FC /* Assets.xcassets */ = {isa = PBXFileReference; lastKnownFileType = folder.assetcatalog; path = Assets.xcassets; sourceTree = "<group>"; };
		228A80D029B3F848006297FC /* Preview Assets.xcassets */ = {isa = PBXFileReference; lastKnownFileType = folder.assetcatalog; path = "Preview Assets.xcassets"; sourceTree = "<group>"; };
		228A80DB29B3F933006297FC /* Home.swift */ = {isa = PBXFileReference; lastKnownFileType = sourcecode.swift; path = Home.swift; sourceTree = "<group>"; };
		228A80DF29B401F8006297FC /* Decodable.swift */ = {isa = PBXFileReference; lastKnownFileType = sourcecode.swift; path = Decodable.swift; sourceTree = "<group>"; };
		228A80E129B40263006297FC /* APIManager.swift */ = {isa = PBXFileReference; lastKnownFileType = sourcecode.swift; path = APIManager.swift; sourceTree = "<group>"; };
		228A80E329B4085F006297FC /* Info.plist */ = {isa = PBXFileReference; lastKnownFileType = text.plist; path = Info.plist; sourceTree = "<group>"; };
		22E0B74729B8B5E000A98D60 /* SearchResultCell.swift */ = {isa = PBXFileReference; lastKnownFileType = sourcecode.swift; path = SearchResultCell.swift; sourceTree = "<group>"; };
		22F75D2329B90B32001B0487 /* Thumbnail.swift */ = {isa = PBXFileReference; lastKnownFileType = sourcecode.swift; path = Thumbnail.swift; sourceTree = "<group>"; };
		22F75D2629B99E65001B0487 /* ArrayExtension.swift */ = {isa = PBXFileReference; lastKnownFileType = sourcecode.swift; path = ArrayExtension.swift; sourceTree = "<group>"; };
/* End PBXFileReference section */

/* Begin PBXFrameworksBuildPhase section */
		228A80C329B3F843006297FC /* Frameworks */ = {
			isa = PBXFrameworksBuildPhase;
			buildActionMask = 2147483647;
			files = (
			);
			runOnlyForDeploymentPostprocessing = 0;
		};
/* End PBXFrameworksBuildPhase section */

/* Begin PBXGroup section */
		228A80BD29B3F843006297FC = {
			isa = PBXGroup;
			children = (
				228A80C829B3F844006297FC /* MetMuseum */,
				228A80C729B3F844006297FC /* Products */,
			);
			sourceTree = "<group>";
		};
		228A80C729B3F844006297FC /* Products */ = {
			isa = PBXGroup;
			children = (
				228A80C629B3F844006297FC /* MetMuseum.app */,
			);
			name = Products;
			sourceTree = "<group>";
		};
		228A80C829B3F844006297FC /* MetMuseum */ = {
			isa = PBXGroup;
			children = (
				22F75D2529B99E45001B0487 /* Helpers */,
				228A80C929B3F844006297FC /* MetMuseumApp.swift */,
				228A80CB29B3F844006297FC /* ContentView.swift */,
				228A80D729B3F8E4006297FC /* Model */,
				228A80D929B3F8F7006297FC /* View */,
				228A80DA29B3F90F006297FC /* ViewModel */,
				228A80CD29B3F848006297FC /* Assets.xcassets */,
				228A80E329B4085F006297FC /* Info.plist */,
				228A80CF29B3F848006297FC /* Preview Content */,
			);
			path = MetMuseum;
			sourceTree = "<group>";
		};
		228A80CF29B3F848006297FC /* Preview Content */ = {
			isa = PBXGroup;
			children = (
				228A80D029B3F848006297FC /* Preview Assets.xcassets */,
			);
			path = "Preview Content";
			sourceTree = "<group>";
		};
		228A80D729B3F8E4006297FC /* Model */ = {
			isa = PBXGroup;
			children = (
				228A80DF29B401F8006297FC /* Decodable.swift */,
				2256657729B6AAE400C97BDC /* Departments.swift */,
				22F75D2329B90B32001B0487 /* Thumbnail.swift */,
			);
			path = Model;
			sourceTree = "<group>";
		};
		228A80D929B3F8F7006297FC /* View */ = {
			isa = PBXGroup;
			children = (
				228A80DB29B3F933006297FC /* Home.swift */,
				22E0B74729B8B5E000A98D60 /* SearchResultCell.swift */,
			);
			path = View;
			sourceTree = "<group>";
		};
		228A80DA29B3F90F006297FC /* ViewModel */ = {
			isa = PBXGroup;
			children = (
				228A80E129B40263006297FC /* APIManager.swift */,
			);
			path = ViewModel;
			sourceTree = "<group>";
		};
		22F75D2529B99E45001B0487 /* Helpers */ = {
			isa = PBXGroup;
			children = (
				22F75D2629B99E65001B0487 /* ArrayExtension.swift */,
			);
			path = Helpers;
			sourceTree = "<group>";
		};
/* End PBXGroup section */

/* Begin PBXNativeTarget section */
		228A80C529B3F843006297FC /* MetMuseum */ = {
			isa = PBXNativeTarget;
			buildConfigurationList = 228A80D429B3F848006297FC /* Build configuration list for PBXNativeTarget "MetMuseum" */;
			buildPhases = (
				228A80C229B3F843006297FC /* Sources */,
				228A80C329B3F843006297FC /* Frameworks */,
				228A80C429B3F843006297FC /* Resources */,
			);
			buildRules = (
			);
			dependencies = (
			);
			name = MetMuseum;
			productName = MetMuseum;
			productReference = 228A80C629B3F844006297FC /* MetMuseum.app */;
			productType = "com.apple.product-type.application";
		};
/* End PBXNativeTarget section */

/* Begin PBXProject section */
		228A80BE29B3F843006297FC /* Project object */ = {
			isa = PBXProject;
			attributes = {
				BuildIndependentTargetsInParallel = 1;
				LastSwiftUpdateCheck = 1420;
				LastUpgradeCheck = 1420;
				TargetAttributes = {
					228A80C529B3F843006297FC = {
						CreatedOnToolsVersion = 14.2;
					};
				};
			};
			buildConfigurationList = 228A80C129B3F843006297FC /* Build configuration list for PBXProject "MetMuseum" */;
			compatibilityVersion = "Xcode 14.0";
			developmentRegion = en;
			hasScannedForEncodings = 0;
			knownRegions = (
				en,
				Base,
			);
			mainGroup = 228A80BD29B3F843006297FC;
			productRefGroup = 228A80C729B3F844006297FC /* Products */;
			projectDirPath = "";
			projectRoot = "";
			targets = (
				228A80C529B3F843006297FC /* MetMuseum */,
			);
		};
/* End PBXProject section */

/* Begin PBXResourcesBuildPhase section */
		228A80C429B3F843006297FC /* Resources */ = {
			isa = PBXResourcesBuildPhase;
			buildActionMask = 2147483647;
			files = (
				228A80D129B3F848006297FC /* Preview Assets.xcassets in Resources */,
				228A80CE29B3F848006297FC /* Assets.xcassets in Resources */,
			);
			runOnlyForDeploymentPostprocessing = 0;
		};
/* End PBXResourcesBuildPhase section */

/* Begin PBXSourcesBuildPhase section */
		228A80C229B3F843006297FC /* Sources */ = {
			isa = PBXSourcesBuildPhase;
			buildActionMask = 2147483647;
			files = (
				22E0B74829B8B5E000A98D60 /* SearchResultCell.swift in Sources */,
				228A80CC29B3F844006297FC /* ContentView.swift in Sources */,
				228A80E029B401F8006297FC /* Decodable.swift in Sources */,
				22F75D2729B99E66001B0487 /* ArrayExtension.swift in Sources */,
				228A80E229B40263006297FC /* APIManager.swift in Sources */,
				228A80DC29B3F933006297FC /* Home.swift in Sources */,
				22F75D2429B90B32001B0487 /* Thumbnail.swift in Sources */,
				228A80CA29B3F844006297FC /* MetMuseumApp.swift in Sources */,
				2256657829B6AAE400C97BDC /* Departments.swift in Sources */,
			);
			runOnlyForDeploymentPostprocessing = 0;
		};
/* End PBXSourcesBuildPhase section */

/* Begin XCBuildConfiguration section */
		228A80D229B3F848006297FC /* Debug */ = {
			isa = XCBuildConfiguration;
			buildSettings = {
				ALWAYS_SEARCH_USER_PATHS = NO;
				CLANG_ANALYZER_NONNULL = YES;
				CLANG_ANALYZER_NUMBER_OBJECT_CONVERSION = YES_AGGRESSIVE;
				CLANG_CXX_LANGUAGE_STANDARD = "gnu++20";
				CLANG_ENABLE_MODULES = YES;
				CLANG_ENABLE_OBJC_ARC = YES;
				CLANG_ENABLE_OBJC_WEAK = YES;
				CLANG_WARN_BLOCK_CAPTURE_AUTORELEASING = YES;
				CLANG_WARN_BOOL_CONVERSION = YES;
				CLANG_WARN_COMMA = YES;
				CLANG_WARN_CONSTANT_CONVERSION = YES;
				CLANG_WARN_DEPRECATED_OBJC_IMPLEMENTATIONS = YES;
				CLANG_WARN_DIRECT_OBJC_ISA_USAGE = YES_ERROR;
				CLANG_WARN_DOCUMENTATION_COMMENTS = YES;
				CLANG_WARN_EMPTY_BODY = YES;
				CLANG_WARN_ENUM_CONVERSION = YES;
				CLANG_WARN_INFINITE_RECURSION = YES;
				CLANG_WARN_INT_CONVERSION = YES;
				CLANG_WARN_NON_LITERAL_NULL_CONVERSION = YES;
				CLANG_WARN_OBJC_IMPLICIT_RETAIN_SELF = YES;
				CLANG_WARN_OBJC_LITERAL_CONVERSION = YES;
				CLANG_WARN_OBJC_ROOT_CLASS = YES_ERROR;
				CLANG_WARN_QUOTED_INCLUDE_IN_FRAMEWORK_HEADER = YES;
				CLANG_WARN_RANGE_LOOP_ANALYSIS = YES;
				CLANG_WARN_STRICT_PROTOTYPES = YES;
				CLANG_WARN_SUSPICIOUS_MOVE = YES;
				CLANG_WARN_UNGUARDED_AVAILABILITY = YES_AGGRESSIVE;
				CLANG_WARN_UNREACHABLE_CODE = YES;
				CLANG_WARN__DUPLICATE_METHOD_MATCH = YES;
				COPY_PHASE_STRIP = NO;
				DEBUG_INFORMATION_FORMAT = dwarf;
				ENABLE_STRICT_OBJC_MSGSEND = YES;
				ENABLE_TESTABILITY = YES;
				GCC_C_LANGUAGE_STANDARD = gnu11;
				GCC_DYNAMIC_NO_PIC = NO;
				GCC_NO_COMMON_BLOCKS = YES;
				GCC_OPTIMIZATION_LEVEL = 0;
				GCC_PREPROCESSOR_DEFINITIONS = (
					"DEBUG=1",
					"$(inherited)",
				);
				GCC_WARN_64_TO_32_BIT_CONVERSION = YES;
				GCC_WARN_ABOUT_RETURN_TYPE = YES_ERROR;
				GCC_WARN_UNDECLARED_SELECTOR = YES;
				GCC_WARN_UNINITIALIZED_AUTOS = YES_AGGRESSIVE;
				GCC_WARN_UNUSED_FUNCTION = YES;
				GCC_WARN_UNUSED_VARIABLE = YES;
				IPHONEOS_DEPLOYMENT_TARGET = 15.0;
				MTL_ENABLE_DEBUG_INFO = INCLUDE_SOURCE;
				MTL_FAST_MATH = YES;
				ONLY_ACTIVE_ARCH = YES;
				SDKROOT = iphoneos;
				SWIFT_ACTIVE_COMPILATION_CONDITIONS = DEBUG;
				SWIFT_OPTIMIZATION_LEVEL = "-Onone";
			};
			name = Debug;
		};
		228A80D329B3F848006297FC /* Release */ = {
			isa = XCBuildConfiguration;
			buildSettings = {
				ALWAYS_SEARCH_USER_PATHS = NO;
				CLANG_ANALYZER_NONNULL = YES;
				CLANG_ANALYZER_NUMBER_OBJECT_CONVERSION = YES_AGGRESSIVE;
				CLANG_CXX_LANGUAGE_STANDARD = "gnu++20";
				CLANG_ENABLE_MODULES = YES;
				CLANG_ENABLE_OBJC_ARC = YES;
				CLANG_ENABLE_OBJC_WEAK = YES;
				CLANG_WARN_BLOCK_CAPTURE_AUTORELEASING = YES;
				CLANG_WARN_BOOL_CONVERSION = YES;
				CLANG_WARN_COMMA = YES;
				CLANG_WARN_CONSTANT_CONVERSION = YES;
				CLANG_WARN_DEPRECATED_OBJC_IMPLEMENTATIONS = YES;
				CLANG_WARN_DIRECT_OBJC_ISA_USAGE = YES_ERROR;
				CLANG_WARN_DOCUMENTATION_COMMENTS = YES;
				CLANG_WARN_EMPTY_BODY = YES;
				CLANG_WARN_ENUM_CONVERSION = YES;
				CLANG_WARN_INFINITE_RECURSION = YES;
				CLANG_WARN_INT_CONVERSION = YES;
				CLANG_WARN_NON_LITERAL_NULL_CONVERSION = YES;
				CLANG_WARN_OBJC_IMPLICIT_RETAIN_SELF = YES;
				CLANG_WARN_OBJC_LITERAL_CONVERSION = YES;
				CLANG_WARN_OBJC_ROOT_CLASS = YES_ERROR;
				CLANG_WARN_QUOTED_INCLUDE_IN_FRAMEWORK_HEADER = YES;
				CLANG_WARN_RANGE_LOOP_ANALYSIS = YES;
				CLANG_WARN_STRICT_PROTOTYPES = YES;
				CLANG_WARN_SUSPICIOUS_MOVE = YES;
				CLANG_WARN_UNGUARDED_AVAILABILITY = YES_AGGRESSIVE;
				CLANG_WARN_UNREACHABLE_CODE = YES;
				CLANG_WARN__DUPLICATE_METHOD_MATCH = YES;
				COPY_PHASE_STRIP = NO;
				DEBUG_INFORMATION_FORMAT = "dwarf-with-dsym";
				ENABLE_NS_ASSERTIONS = NO;
				ENABLE_STRICT_OBJC_MSGSEND = YES;
				GCC_C_LANGUAGE_STANDARD = gnu11;
				GCC_NO_COMMON_BLOCKS = YES;
				GCC_WARN_64_TO_32_BIT_CONVERSION = YES;
				GCC_WARN_ABOUT_RETURN_TYPE = YES_ERROR;
				GCC_WARN_UNDECLARED_SELECTOR = YES;
				GCC_WARN_UNINITIALIZED_AUTOS = YES_AGGRESSIVE;
				GCC_WARN_UNUSED_FUNCTION = YES;
				GCC_WARN_UNUSED_VARIABLE = YES;
				IPHONEOS_DEPLOYMENT_TARGET = 15.0;
				MTL_ENABLE_DEBUG_INFO = NO;
				MTL_FAST_MATH = YES;
				SDKROOT = iphoneos;
				SWIFT_COMPILATION_MODE = wholemodule;
				SWIFT_OPTIMIZATION_LEVEL = "-O";
				VALIDATE_PRODUCT = YES;
			};
			name = Release;
		};
		228A80D529B3F848006297FC /* Debug */ = {
			isa = XCBuildConfiguration;
			buildSettings = {
				ASSETCATALOG_COMPILER_APPICON_NAME = AppIcon;
				ASSETCATALOG_COMPILER_GLOBAL_ACCENT_COLOR_NAME = AccentColor;
				CODE_SIGN_STYLE = Automatic;
				CURRENT_PROJECT_VERSION = 1;
				DEVELOPMENT_ASSET_PATHS = "\"MetMuseum/Preview Content\"";
				DEVELOPMENT_TEAM = 2J8A2JFT45;
				ENABLE_PREVIEWS = YES;
				GENERATE_INFOPLIST_FILE = YES;
				INFOPLIST_FILE = MetMuseum/Info.plist;
				INFOPLIST_KEY_CFBundleDisplayName = "The Met";
				INFOPLIST_KEY_LSApplicationCategoryType = "public.app-category.entertainment";
				INFOPLIST_KEY_UIApplicationSupportsIndirectInputEvents = YES;
				INFOPLIST_KEY_UILaunchScreen_Generation = YES;
				INFOPLIST_KEY_UISupportedInterfaceOrientations = "UIInterfaceOrientationLandscapeLeft UIInterfaceOrientationLandscapeRight UIInterfaceOrientationPortrait";
				LD_RUNPATH_SEARCH_PATHS = (
					"$(inherited)",
					"@executable_path/Frameworks",
				);
				MARKETING_VERSION = 0.1.0;
				PRODUCT_BUNDLE_IDENTIFIER = com.ermekov.MetMuseum;
				PRODUCT_NAME = "$(TARGET_NAME)";
				SWIFT_EMIT_LOC_STRINGS = YES;
				SWIFT_VERSION = 5.0;
				TARGETED_DEVICE_FAMILY = "1,2";
			};
			name = Debug;
		};
		228A80D629B3F848006297FC /* Release */ = {
			isa = XCBuildConfiguration;
			buildSettings = {
				ASSETCATALOG_COMPILER_APPICON_NAME = AppIcon;
				ASSETCATALOG_COMPILER_GLOBAL_ACCENT_COLOR_NAME = AccentColor;
				CODE_SIGN_STYLE = Automatic;
				CURRENT_PROJECT_VERSION = 1;
				DEVELOPMENT_ASSET_PATHS = "\"MetMuseum/Preview Content\"";
				DEVELOPMENT_TEAM = 2J8A2JFT45;
				ENABLE_PREVIEWS = YES;
				GENERATE_INFOPLIST_FILE = YES;
				INFOPLIST_FILE = MetMuseum/Info.plist;
				INFOPLIST_KEY_CFBundleDisplayName = "The Met";
				INFOPLIST_KEY_LSApplicationCategoryType = "public.app-category.entertainment";
				INFOPLIST_KEY_UIApplicationSupportsIndirectInputEvents = YES;
				INFOPLIST_KEY_UILaunchScreen_Generation = YES;
				INFOPLIST_KEY_UISupportedInterfaceOrientations = "UIInterfaceOrientationLandscapeLeft UIInterfaceOrientationLandscapeRight UIInterfaceOrientationPortrait";
				LD_RUNPATH_SEARCH_PATHS = (
					"$(inherited)",
					"@executable_path/Frameworks",
				);
				MARKETING_VERSION = 0.1.0;
				PRODUCT_BUNDLE_IDENTIFIER = com.ermekov.MetMuseum;
				PRODUCT_NAME = "$(TARGET_NAME)";
				SWIFT_EMIT_LOC_STRINGS = YES;
				SWIFT_VERSION = 5.0;
				TARGETED_DEVICE_FAMILY = "1,2";
			};
			name = Release;
		};
/* End XCBuildConfiguration section */

/* Begin XCConfigurationList section */
		228A80C129B3F843006297FC /* Build configuration list for PBXProject "MetMuseum" */ = {
			isa = XCConfigurationList;
			buildConfigurations = (
				228A80D229B3F848006297FC /* Debug */,
				228A80D329B3F848006297FC /* Release */,
			);
			defaultConfigurationIsVisible = 0;
			defaultConfigurationName = Release;
		};
		228A80D429B3F848006297FC /* Build configuration list for PBXNativeTarget "MetMuseum" */ = {
			isa = XCConfigurationList;
			buildConfigurations = (
				228A80D529B3F848006297FC /* Debug */,
				228A80D629B3F848006297FC /* Release */,
			);
			defaultConfigurationIsVisible = 0;
			defaultConfigurationName = Release;
		};
/* End XCConfigurationList section */
	};
	rootObject = 228A80BE29B3F843006297FC /* Project object */;
}
